
Microsoft Visual Studio Solution File, Format Version 12.00
# Visual Studio Version 17
VisualStudioVersion = 17.9.34728.123
MinimumVisualStudioVersion = 10.0.40219.1
Project("{FAE04EC0-301F-11D3-BF4B-00C04F79EFBC}") = "Studio Management", "Studio Management.csproj", "{E93C075A-0690-49F2-AFF5-E5E9BD01A38D}"
EndProject
Global
	GlobalSection(SolutionConfigurationPlatforms) = preSolution
		Debug|Any CPU = Debug|Any CPU
		Release|Any CPU = Release|Any CPU
	EndGlobalSection
	GlobalSection(ProjectConfigurationPlatforms) = postSolution
		{E93C075A-0690-49F2-AFF5-E5E9BD01A38D}.Debug|Any CPU.ActiveCfg = Debug|Any CPU
		{E93C075A-0690-49F2-AFF5-E5E9BD01A38D}.Debug|Any CPU.Build.0 = Debug|Any CPU
		{E93C075A-0690-49F2-AFF5-E5E9BD01A38D}.Release|Any CPU.ActiveCfg = Release|Any CPU
		{E93C075A-0690-49F2-AFF5-E5E9BD01A38D}.Release|Any CPU.Build.0 = Release|Any CPU
	EndGlobalSection
	GlobalSection(SolutionProperties) = preSolution
		HideSolutionNode = FALSE
	EndGlobalSection
	GlobalSection(ExtensibilityGlobals) = postSolution
		SolutionGuid = {1632EEDA-B3D5-419E-8401-FDB8169B352A}
	EndGlobalSection
EndGlobal
